
Microsoft Visual Studio Solution File, Format Version 11.00
# Visual Studio 2010
Project("{FAE04EC0-301F-11D3-BF4B-00C04F79EFBC}") = "Ex2QuadEquation", "Ex2QuadEquation\Ex2QuadEquation.csproj", "{C3DAECD7-EA44-42E9-992E-1CB757D3D385}"
EndProject
Global
	GlobalSection(SolutionConfigurationPlatforms) = preSolution
		Debug|x86 = Debug|x86
		Release|x86 = Release|x86
	EndGlobalSection
	GlobalSection(ProjectConfigurationPlatforms) = postSolution
		{C3DAECD7-EA44-42E9-992E-1CB757D3D385}.Debug|x86.ActiveCfg = Debug|x86
		{C3DAECD7-EA44-42E9-992E-1CB757D3D385}.Debug|x86.Build.0 = Debug|x86
		{C3DAECD7-EA44-42E9-992E-1CB757D3D385}.Release|x86.ActiveCfg = Release|x86
		{C3DAECD7-EA44-42E9-992E-1CB757D3D385}.Release|x86.Build.0 = Release|x86
	EndGlobalSection
	GlobalSection(MonoDevelopProperties) = preSolution
		StartupItem = Ex2QuadEquation\Ex2QuadEquation.csproj
	EndGlobalSection
EndGlobal
